
Microsoft Visual Studio Solution File, Format Version 12.00
# Visual Studio 14
VisualStudioVersion = 14.0.24720.0
MinimumVisualStudioVersion = 10.0.40219.1
Project("{CC5FD16D-436D-48AD-A40C-5A424C6E3E79}") = "DocumentManagement", "DocumentManagement\DocumentManagement.ccproj", "{D0F2D643-DA05-4853-99E0-E7CD298C4230}"
EndProject
Project("{FAE04EC0-301F-11D3-BF4B-00C04F79EFBC}") = "DoucmentManagementWeb", "DoucmentManagementWeb\DoucmentManagementWeb.csproj", "{ADC00D15-67C3-4C72-978D-98A606BEBF64}"
EndProject
Project("{FAE04EC0-301F-11D3-BF4B-00C04F79EFBC}") = "documentManagementAdminWeb", "documentManagementAdminWeb\documentManagementAdminWeb.csproj", "{76373CF7-4F58-48BD-96E8-8C6B43E7B3E7}"
EndProject
Project("{FAE04EC0-301F-11D3-BF4B-00C04F79EFBC}") = "DocumentManagementCommon", "DocumentManagementCommon\DocumentManagementCommon.csproj", "{12DC4C00-D716-46EB-BD39-85AE52C909EE}"
EndProject
Project("{FAE04EC0-301F-11D3-BF4B-00C04F79EFBC}") = "DocumentWorkerRoleWithSBQueue", "DocumentWorkerRoleWithSBQueue\DocumentWorkerRoleWithSBQueue.csproj", "{214357D1-0A19-43A9-ACBD-91894467A3E7}"
EndProject
Project("{FAE04EC0-301F-11D3-BF4B-00C04F79EFBC}") = "DocumentManagementWebJob", "DocumentManagementWebJob\DocumentManagementWebJob.csproj", "{53613F70-2029-445F-91BC-4145CC0C6D31}"
EndProject
Global
	GlobalSection(SolutionConfigurationPlatforms) = preSolution
		Debug|Any CPU = Debug|Any CPU
		Release|Any CPU = Release|Any CPU
	EndGlobalSection
	GlobalSection(ProjectConfigurationPlatforms) = postSolution
		{D0F2D643-DA05-4853-99E0-E7CD298C4230}.Debug|Any CPU.ActiveCfg = Debug|Any CPU
		{D0F2D643-DA05-4853-99E0-E7CD298C4230}.Debug|Any CPU.Build.0 = Debug|Any CPU
		{D0F2D643-DA05-4853-99E0-E7CD298C4230}.Release|Any CPU.ActiveCfg = Release|Any CPU
		{D0F2D643-DA05-4853-99E0-E7CD298C4230}.Release|Any CPU.Build.0 = Release|Any CPU
		{ADC00D15-67C3-4C72-978D-98A606BEBF64}.Debug|Any CPU.ActiveCfg = Debug|Any CPU
		{ADC00D15-67C3-4C72-978D-98A606BEBF64}.Debug|Any CPU.Build.0 = Debug|Any CPU
		{ADC00D15-67C3-4C72-978D-98A606BEBF64}.Release|Any CPU.ActiveCfg = Release|Any CPU
		{ADC00D15-67C3-4C72-978D-98A606BEBF64}.Release|Any CPU.Build.0 = Release|Any CPU
		{76373CF7-4F58-48BD-96E8-8C6B43E7B3E7}.Debug|Any CPU.ActiveCfg = Debug|Any CPU
		{76373CF7-4F58-48BD-96E8-8C6B43E7B3E7}.Debug|Any CPU.Build.0 = Debug|Any CPU
		{76373CF7-4F58-48BD-96E8-8C6B43E7B3E7}.Release|Any CPU.ActiveCfg = Release|Any CPU
		{76373CF7-4F58-48BD-96E8-8C6B43E7B3E7}.Release|Any CPU.Build.0 = Release|Any CPU
		{12DC4C00-D716-46EB-BD39-85AE52C909EE}.Debug|Any CPU.ActiveCfg = Debug|Any CPU
		{12DC4C00-D716-46EB-BD39-85AE52C909EE}.Debug|Any CPU.Build.0 = Debug|Any CPU
		{12DC4C00-D716-46EB-BD39-85AE52C909EE}.Release|Any CPU.ActiveCfg = Release|Any CPU
		{12DC4C00-D716-46EB-BD39-85AE52C909EE}.Release|Any CPU.Build.0 = Release|Any CPU
		{214357D1-0A19-43A9-ACBD-91894467A3E7}.Debug|Any CPU.ActiveCfg = Debug|Any CPU
		{214357D1-0A19-43A9-ACBD-91894467A3E7}.Debug|Any CPU.Build.0 = Debug|Any CPU
		{214357D1-0A19-43A9-ACBD-91894467A3E7}.Release|Any CPU.ActiveCfg = Release|Any CPU
		{214357D1-0A19-43A9-ACBD-91894467A3E7}.Release|Any CPU.Build.0 = Release|Any CPU
		{53613F70-2029-445F-91BC-4145CC0C6D31}.Debug|Any CPU.ActiveCfg = Debug|Any CPU
		{53613F70-2029-445F-91BC-4145CC0C6D31}.Debug|Any CPU.Build.0 = Debug|Any CPU
		{53613F70-2029-445F-91BC-4145CC0C6D31}.Release|Any CPU.ActiveCfg = Release|Any CPU
		{53613F70-2029-445F-91BC-4145CC0C6D31}.Release|Any CPU.Build.0 = Release|Any CPU
	EndGlobalSection
	GlobalSection(SolutionProperties) = preSolution
		HideSolutionNode = FALSE
	EndGlobalSection
EndGlobal
